
Microsoft Visual Studio Solution File, Format Version 12.00
# Visual Studio Version 17
VisualStudioVersion = 17.3.32929.385
MinimumVisualStudioVersion = 10.0.40219.1
Project("{8BC9CEB8-8B4A-11D0-8D11-00A0C91BC942}") = "campusaccessmanagementsystem", "campusaccessmanagementsystem\campusaccessmanagementsystem.vcxproj", "{80A1F5D7-CD0E-42F0-8B8C-0BBC1E7DA027}"
EndProject
Global
	GlobalSection(SolutionConfigurationPlatforms) = preSolution
		Debug|x64 = Debug|x64
		Debug|x86 = Debug|x86
		Release|x64 = Release|x64
		Release|x86 = Release|x86
	EndGlobalSection
	GlobalSection(ProjectConfigurationPlatforms) = postSolution
		{80A1F5D7-CD0E-42F0-8B8C-0BBC1E7DA027}.Debug|x64.ActiveCfg = Debug|x64
		{80A1F5D7-CD0E-42F0-8B8C-0BBC1E7DA027}.Debug|x64.Build.0 = Debug|x64
		{80A1F5D7-CD0E-42F0-8B8C-0BBC1E7DA027}.Debug|x86.ActiveCfg = Debug|Win32
		{80A1F5D7-CD0E-42F0-8B8C-0BBC1E7DA027}.Debug|x86.Build.0 = Debug|Win32
		{80A1F5D7-CD0E-42F0-8B8C-0BBC1E7DA027}.Release|x64.ActiveCfg = Release|x64
		{80A1F5D7-CD0E-42F0-8B8C-0BBC1E7DA027}.Release|x64.Build.0 = Release|x64
		{80A1F5D7-CD0E-42F0-8B8C-0BBC1E7DA027}.Release|x86.ActiveCfg = Release|Win32
		{80A1F5D7-CD0E-42F0-8B8C-0BBC1E7DA027}.Release|x86.Build.0 = Release|Win32
	EndGlobalSection
	GlobalSection(SolutionProperties) = preSolution
		HideSolutionNode = FALSE
	EndGlobalSection
	GlobalSection(ExtensibilityGlobals) = postSolution
		SolutionGuid = {3BBEA421-2B59-4ADE-88A2-75F22025762A}
	EndGlobalSection
EndGlobal
